// !$*UTF8*$!
{
	archiveVersion = 1;
	classes = {
	};
	objectVersion = 46;
	objects = {

/* Begin PBXBuildFile section */
		7465DEDB19453DB100AA9A5D /* AppDelegate.swift in Sources */ = {isa = PBXBuildFile; fileRef = 7465DEDA19453DB100AA9A5D /* AppDelegate.swift */; };
		7465DEDD19453DB100AA9A5D /* ViewController.swift in Sources */ = {isa = PBXBuildFile; fileRef = 7465DEDC19453DB100AA9A5D /* ViewController.swift */; };
		7465DEE019453DB100AA9A5D /* Main.storyboard in Resources */ = {isa = PBXBuildFile; fileRef = 7465DEDE19453DB100AA9A5D /* Main.storyboard */; };
		7465DEE219453DB100AA9A5D /* Images.xcassets in Resources */ = {isa = PBXBuildFile; fileRef = 7465DEE119453DB100AA9A5D /* Images.xcassets */; };
		7465DEEE19453DB100AA9A5D /* sampleScorllViewInSwiftTests.swift in Sources */ = {isa = PBXBuildFile; fileRef = 7465DEED19453DB100AA9A5D /* sampleScorllViewInSwiftTests.swift */; };
		7465DEF819453E5800AA9A5D /* ASHorizontalScrollView.swift in Sources */ = {isa = PBXBuildFile; fileRef = 7465DEF719453E5800AA9A5D /* ASHorizontalScrollView.swift */; };
/* End PBXBuildFile section */

/* Begin PBXContainerItemProxy section */
		7465DEE819453DB100AA9A5D /* PBXContainerItemProxy */ = {
			isa = PBXContainerItemProxy;
			containerPortal = 7465DECD19453DB100AA9A5D /* Project object */;
			proxyType = 1;
			remoteGlobalIDString = 7465DED419453DB100AA9A5D;
			remoteInfo = sampleScorllViewInSwift;
		};
/* End PBXContainerItemProxy section */

/* Begin PBXFileReference section */
		7465DED519453DB100AA9A5D /* sampleScorllViewInSwift.app */ = {isa = PBXFileReference; explicitFileType = wrapper.application; includeInIndex = 0; path = sampleScorllViewInSwift.app; sourceTree = BUILT_PRODUCTS_DIR; };
		7465DED919453DB100AA9A5D /* Info.plist */ = {isa = PBXFileReference; lastKnownFileType = text.plist.xml; path = Info.plist; sourceTree = "<group>"; };
		7465DEDA19453DB100AA9A5D /* AppDelegate.swift */ = {isa = PBXFileReference; lastKnownFileType = sourcecode.swift; path = AppDelegate.swift; sourceTree = "<group>"; };
		7465DEDC19453DB100AA9A5D /* ViewController.swift */ = {isa = PBXFileReference; lastKnownFileType = sourcecode.swift; path = ViewController.swift; sourceTree = "<group>"; };
		7465DEDF19453DB100AA9A5D /* Base */ = {isa = PBXFileReference; lastKnownFileType = file.storyboard; name = Base; path = Base.lproj/Main.storyboard; sourceTree = "<group>"; };
		7465DEE119453DB100AA9A5D /* Images.xcassets */ = {isa = PBXFileReference; lastKnownFileType = folder.assetcatalog; path = Images.xcassets; sourceTree = "<group>"; };
		7465DEE719453DB100AA9A5D /* sampleScorllViewInSwiftTests.xctest */ = {isa = PBXFileReference; explicitFileType = wrapper.cfbundle; includeInIndex = 0; path = sampleScorllViewInSwiftTests.xctest; sourceTree = BUILT_PRODUCTS_DIR; };
		7465DEEC19453DB100AA9A5D /* Info.plist */ = {isa = PBXFileReference; lastKnownFileType = text.plist.xml; path = Info.plist; sourceTree = "<group>"; };
		7465DEED19453DB100AA9A5D /* sampleScorllViewInSwiftTests.swift */ = {isa = PBXFileReference; lastKnownFileType = sourcecode.swift; path = sampleScorllViewInSwiftTests.swift; sourceTree = "<group>"; };
		7465DEF719453E5800AA9A5D /* ASHorizontalScrollView.swift */ = {isa = PBXFileReference; fileEncoding = 4; lastKnownFileType = sourcecode.swift; path = ASHorizontalScrollView.swift; sourceTree = "<group>"; };
/* End PBXFileReference section */

/* Begin PBXFrameworksBuildPhase section */
		7465DED219453DB100AA9A5D /* Frameworks */ = {
			isa = PBXFrameworksBuildPhase;
			buildActionMask = 2147483647;
			files = (
			);
			runOnlyForDeploymentPostprocessing = 0;
		};
		7465DEE419453DB100AA9A5D /* Frameworks */ = {
			isa = PBXFrameworksBuildPhase;
			buildActionMask = 2147483647;
			files = (
			);
			runOnlyForDeploymentPostprocessing = 0;
		};
/* End PBXFrameworksBuildPhase section */

/* Begin PBXGroup section */
		7465DECC19453DB100AA9A5D = {
			isa = PBXGroup;
			children = (
				7465DED719453DB100AA9A5D /* sampleScorllViewInSwift */,
				7465DEEA19453DB100AA9A5D /* sampleScorllViewInSwiftTests */,
				7465DED619453DB100AA9A5D /* Products */,
			);
			sourceTree = "<group>";
		};
		7465DED619453DB100AA9A5D /* Products */ = {
			isa = PBXGroup;
			children = (
				7465DED519453DB100AA9A5D /* sampleScorllViewInSwift.app */,
				7465DEE719453DB100AA9A5D /* sampleScorllViewInSwiftTests.xctest */,
			);
			name = Products;
			sourceTree = "<group>";
		};
		7465DED719453DB100AA9A5D /* sampleScorllViewInSwift */ = {
			isa = PBXGroup;
			children = (
				7465DEF719453E5800AA9A5D /* ASHorizontalScrollView.swift */,
				7465DEDA19453DB100AA9A5D /* AppDelegate.swift */,
				7465DEDC19453DB100AA9A5D /* ViewController.swift */,
				7465DEDE19453DB100AA9A5D /* Main.storyboard */,
				7465DEE119453DB100AA9A5D /* Images.xcassets */,
				7465DED819453DB100AA9A5D /* Supporting Files */,
			);
			path = sampleScorllViewInSwift;
			sourceTree = "<group>";
		};
		7465DED819453DB100AA9A5D /* Supporting Files */ = {
			isa = PBXGroup;
			children = (
				7465DED919453DB100AA9A5D /* Info.plist */,
			);
			name = "Supporting Files";
			sourceTree = "<group>";
		};
		7465DEEA19453DB100AA9A5D /* sampleScorllViewInSwiftTests */ = {
			isa = PBXGroup;
			children = (
				7465DEED19453DB100AA9A5D /* sampleScorllViewInSwiftTests.swift */,
				7465DEEB19453DB100AA9A5D /* Supporting Files */,
			);
			path = sampleScorllViewInSwiftTests;
			sourceTree = "<group>";
		};
		7465DEEB19453DB100AA9A5D /* Supporting Files */ = {
			isa = PBXGroup;
			children = (
				7465DEEC19453DB100AA9A5D /* Info.plist */,
			);
			name = "Supporting Files";
			sourceTree = "<group>";
		};
/* End PBXGroup section */

/* Begin PBXNativeTarget section */
		7465DED419453DB100AA9A5D /* sampleScorllViewInSwift */ = {
			isa = PBXNativeTarget;
			buildConfigurationList = 7465DEF119453DB100AA9A5D /* Build configuration list for PBXNativeTarget "sampleScorllViewInSwift" */;
			buildPhases = (
				7465DED119453DB100AA9A5D /* Sources */,
				7465DED219453DB100AA9A5D /* Frameworks */,
				7465DED319453DB100AA9A5D /* Resources */,
			);
			buildRules = (
			);
			dependencies = (
			);
			name = sampleScorllViewInSwift;
			productName = sampleScorllViewInSwift;
			productReference = 7465DED519453DB100AA9A5D /* sampleScorllViewInSwift.app */;
			productType = "com.apple.product-type.application";
		};
		7465DEE619453DB100AA9A5D /* sampleScorllViewInSwiftTests */ = {
			isa = PBXNativeTarget;
			buildConfigurationList = 7465DEF419453DB100AA9A5D /* Build configuration list for PBXNativeTarget "sampleScorllViewInSwiftTests" */;
			buildPhases = (
				7465DEE319453DB100AA9A5D /* Sources */,
				7465DEE419453DB100AA9A5D /* Frameworks */,
				7465DEE519453DB100AA9A5D /* Resources */,
			);
			buildRules = (
			);
			dependencies = (
				7465DEE919453DB100AA9A5D /* PBXTargetDependency */,
			);
			name = sampleScorllViewInSwiftTests;
			productName = sampleScorllViewInSwiftTests;
			productReference = 7465DEE719453DB100AA9A5D /* sampleScorllViewInSwiftTests.xctest */;
			productType = "com.apple.product-type.bundle.unit-test";
		};
/* End PBXNativeTarget section */

/* Begin PBXProject section */
		7465DECD19453DB100AA9A5D /* Project object */ = {
			isa = PBXProject;
			attributes = {
				LastSwiftMigration = 0710;
				LastSwiftUpdateCheck = 0710;
				LastUpgradeCheck = 0800;
				ORGANIZATIONNAME = Zuse;
				TargetAttributes = {
					7465DED419453DB100AA9A5D = {
						CreatedOnToolsVersion = 6.0;
						LastSwiftMigration = 0810;
					};
					7465DEE619453DB100AA9A5D = {
						CreatedOnToolsVersion = 6.0;
						LastSwiftMigration = 0810;
						TestTargetID = 7465DED419453DB100AA9A5D;
					};
				};
			};
			buildConfigurationList = 7465DED019453DB100AA9A5D /* Build configuration list for PBXProject "sampleScorllViewInSwift" */;
			compatibilityVersion = "Xcode 3.2";
			developmentRegion = English;
			hasScannedForEncodings = 0;
			knownRegions = (
				en,
				Base,
			);
			mainGroup = 7465DECC19453DB100AA9A5D;
			productRefGroup = 7465DED619453DB100AA9A5D /* Products */;
			projectDirPath = "";
			projectRoot = "";
			targets = (
				7465DED419453DB100AA9A5D /* sampleScorllViewInSwift */,
				7465DEE619453DB100AA9A5D /* sampleScorllViewInSwiftTests */,
			);
		};
/* End PBXProject section */

/* Begin PBXResourcesBuildPhase section */
		7465DED319453DB100AA9A5D /* Resources */ = {
			isa = PBXResourcesBuildPhase;
			buildActionMask = 2147483647;
			files = (
				7465DEE019453DB100AA9A5D /* Main.storyboard in Resources */,
				7465DEE219453DB100AA9A5D /* Images.xcassets in Resources */,
			);
			runOnlyForDeploymentPostprocessing = 0;
		};
		7465DEE519453DB100AA9A5D /* Resources */ = {
			isa = PBXResourcesBuildPhase;
			buildActionMask = 2147483647;
			files = (
			);
			runOnlyForDeploymentPostprocessing = 0;
		};
/* End PBXResourcesBuildPhase section */

/* Begin PBXSourcesBuildPhase section */
		7465DED119453DB100AA9A5D /* Sources */ = {
			isa = PBXSourcesBuildPhase;
			buildActionMask = 2147483647;
			files = (
				7465DEDD19453DB100AA9A5D /* ViewController.swift in Sources */,
				7465DEDB19453DB100AA9A5D /* AppDelegate.swift in Sources */,
				7465DEF819453E5800AA9A5D /* ASHorizontalScrollView.swift in Sources */,
			);
			runOnlyForDeploymentPostprocessing = 0;
		};
		7465DEE319453DB100AA9A5D /* Sources */ = {
			isa = PBXSourcesBuildPhase;
			buildActionMask = 2147483647;
			files = (
				7465DEEE19453DB100AA9A5D /* sampleScorllViewInSwiftTests.swift in Sources */,
			);
			runOnlyForDeploymentPostprocessing = 0;
		};
/* End PBXSourcesBuildPhase section */

/* Begin PBXTargetDependency section */
		7465DEE919453DB100AA9A5D /* PBXTargetDependency */ = {
			isa = PBXTargetDependency;
			target = 7465DED419453DB100AA9A5D /* sampleScorllViewInSwift */;
			targetProxy = 7465DEE819453DB100AA9A5D /* PBXContainerItemProxy */;
		};
/* End PBXTargetDependency section */

/* Begin PBXVariantGroup section */
		7465DEDE19453DB100AA9A5D /* Main.storyboard */ = {
			isa = PBXVariantGroup;
			children = (
				7465DEDF19453DB100AA9A5D /* Base */,
			);
			name = Main.storyboard;
			sourceTree = "<group>";
		};
/* End PBXVariantGroup section */

/* Begin XCBuildConfiguration section */
		7465DEEF19453DB100AA9A5D /* Debug */ = {
			isa = XCBuildConfiguration;
			buildSettings = {
				ALWAYS_SEARCH_USER_PATHS = NO;
				CLANG_CXX_LANGUAGE_STANDARD = "gnu++0x";
				CLANG_CXX_LIBRARY = "libc++";
				CLANG_ENABLE_MODULES = YES;
				CLANG_ENABLE_OBJC_ARC = YES;
				CLANG_WARN_BOOL_CONVERSION = YES;
				CLANG_WARN_CONSTANT_CONVERSION = YES;
				CLANG_WARN_DIRECT_OBJC_ISA_USAGE = YES_ERROR;
				CLANG_WARN_EMPTY_BODY = YES;
				CLANG_WARN_ENUM_CONVERSION = YES;
				CLANG_WARN_INFINITE_RECURSION = YES;
				CLANG_WARN_INT_CONVERSION = YES;
				CLANG_WARN_OBJC_ROOT_CLASS = YES_ERROR;
				CLANG_WARN_SUSPICIOUS_MOVE = YES;
				CLANG_WARN_UNREACHABLE_CODE = YES;
				CLANG_WARN__DUPLICATE_METHOD_MATCH = YES;
				"CODE_SIGN_IDENTITY[sdk=iphoneos*]" = "iPhone Developer";
				COPY_PHASE_STRIP = NO;
				ENABLE_STRICT_OBJC_MSGSEND = YES;
				ENABLE_TESTABILITY = YES;
				GCC_C_LANGUAGE_STANDARD = gnu99;
				GCC_DYNAMIC_NO_PIC = NO;
				GCC_NO_COMMON_BLOCKS = YES;
				GCC_OPTIMIZATION_LEVEL = 0;
				GCC_PREPROCESSOR_DEFINITIONS = (
					"DEBUG=1",
					"$(inherited)",
				);
				GCC_SYMBOLS_PRIVATE_EXTERN = NO;
				GCC_WARN_64_TO_32_BIT_CONVERSION = YES;
				GCC_WARN_ABOUT_RETURN_TYPE = YES_ERROR;
				GCC_WARN_UNDECLARED_SELECTOR = YES;
				GCC_WARN_UNINITIALIZED_AUTOS = YES_AGGRESSIVE;
				GCC_WARN_UNUSED_FUNCTION = YES;
				GCC_WARN_UNUSED_VARIABLE = YES;
				IPHONEOS_DEPLOYMENT_TARGET = 8.0;
				METAL_ENABLE_DEBUG_INFO = YES;
				ONLY_ACTIVE_ARCH = YES;
				SDKROOT = iphoneos;
				SWIFT_OPTIMIZATION_LEVEL = "-Onone";
				SWIFT_VERSION = 3.0.1;
				TARGETED_DEVICE_FAMILY = "1,2";
			};
			name = Debug;
		};
		7465DEF019453DB100AA9A5D /* Release */ = {
			isa = XCBuildConfiguration;
			buildSettings = {
				ALWAYS_SEARCH_USER_PATHS = NO;
				CLANG_CXX_LANGUAGE_STANDARD = "gnu++0x";
				CLANG_CXX_LIBRARY = "libc++";
				CLANG_ENABLE_MODULES = YES;
				CLANG_ENABLE_OBJC_ARC = YES;
				CLANG_WARN_BOOL_CONVERSION = YES;
				CLANG_WARN_CONSTANT_CONVERSION = YES;
				CLANG_WARN_DIRECT_OBJC_ISA_USAGE = YES_ERROR;
				CLANG_WARN_EMPTY_BODY = YES;
				CLANG_WARN_ENUM_CONVERSION = YES;
				CLANG_WARN_INFINITE_RECURSION = YES;
				CLANG_WARN_INT_CONVERSION = YES;
				CLANG_WARN_OBJC_ROOT_CLASS = YES_ERROR;
				CLANG_WARN_SUSPICIOUS_MOVE = YES;
				CLANG_WARN_UNREACHABLE_CODE = YES;
				CLANG_WARN__DUPLICATE_METHOD_MATCH = YES;
				"CODE_SIGN_IDENTITY[sdk=iphoneos*]" = "iPhone Developer";
				COPY_PHASE_STRIP = YES;
				ENABLE_NS_ASSERTIONS = NO;
				ENABLE_STRICT_OBJC_MSGSEND = YES;
				GCC_C_LANGUAGE_STANDARD = gnu99;
				GCC_NO_COMMON_BLOCKS = YES;
				GCC_WARN_64_TO_32_BIT_CONVERSION = YES;
				GCC_WARN_ABOUT_RETURN_TYPE = YES_ERROR;
				GCC_WARN_UNDECLARED_SELECTOR = YES;
				GCC_WARN_UNINITIALIZED_AUTOS = YES_AGGRESSIVE;
				GCC_WARN_UNUSED_FUNCTION = YES;
				GCC_WARN_UNUSED_VARIABLE = YES;
				IPHONEOS_DEPLOYMENT_TARGET = 8.0;
				METAL_ENABLE_DEBUG_INFO = NO;
				SDKROOT = iphoneos;
				SWIFT_OPTIMIZATION_LEVEL = "-Owholemodule";
				SWIFT_VERSION = 3.0.1;
				TARGETED_DEVICE_FAMILY = "1,2";
				VALIDATE_PRODUCT = YES;
			};
			name = Release;
		};
		7465DEF219453DB100AA9A5D /* Debug */ = {
			isa = XCBuildConfiguration;
			buildSettings = {
				ASSETCATALOG_COMPILER_APPICON_NAME = AppIcon;
				ASSETCATALOG_COMPILER_LAUNCHIMAGE_NAME = LaunchImage;
				INFOPLIST_FILE = sampleScorllViewInSwift/Info.plist;
				LD_RUNPATH_SEARCH_PATHS = "$(inherited) @executable_path/Frameworks";
				PRODUCT_BUNDLE_IDENTIFIER = "Zuse.${PRODUCT_NAME:rfc1034identifier}";
				PRODUCT_NAME = "$(TARGET_NAME)";
				SWIFT_VERSION = 3.0.1;
			};
			name = Debug;
		};
		7465DEF319453DB100AA9A5D /* Release */ = {
			isa = XCBuildConfiguration;
			buildSettings = {
				ASSETCATALOG_COMPILER_APPICON_NAME = AppIcon;
				ASSETCATALOG_COMPILER_LAUNCHIMAGE_NAME = LaunchImage;
				INFOPLIST_FILE = sampleScorllViewInSwift/Info.plist;
				LD_RUNPATH_SEARCH_PATHS = "$(inherited) @executable_path/Frameworks";
				PRODUCT_BUNDLE_IDENTIFIER = "Zuse.${PRODUCT_NAME:rfc1034identifier}";
				PRODUCT_NAME = "$(TARGET_NAME)";
				SWIFT_VERSION = 3.0.1;
			};
			name = Release;
		};
		7465DEF519453DB100AA9A5D /* Debug */ = {
			isa = XCBuildConfiguration;
			buildSettings = {
				BUNDLE_LOADER = "$(BUILT_PRODUCTS_DIR)/sampleScorllViewInSwift.app/sampleScorllViewInSwift";
				GCC_PREPROCESSOR_DEFINITIONS = (
					"DEBUG=1",
					"$(inherited)",
				);
				INFOPLIST_FILE = sampleScorllViewInSwiftTests/Info.plist;
				LD_RUNPATH_SEARCH_PATHS = "$(inherited) @executable_path/Frameworks @loader_path/Frameworks";
				METAL_ENABLE_DEBUG_INFO = YES;
				PRODUCT_BUNDLE_IDENTIFIER = "Zuse.${PRODUCT_NAME:rfc1034identifier}";
				PRODUCT_NAME = "$(TARGET_NAME)";
				SWIFT_VERSION = 3.0.1;
				TEST_HOST = "$(BUNDLE_LOADER)";
			};
			name = Debug;
		};
		7465DEF619453DB100AA9A5D /* Release */ = {
			isa = XCBuildConfiguration;
			buildSettings = {
				BUNDLE_LOADER = "$(BUILT_PRODUCTS_DIR)/sampleScorllViewInSwift.app/sampleScorllViewInSwift";
				INFOPLIST_FILE = sampleScorllViewInSwiftTests/Info.plist;
				LD_RUNPATH_SEARCH_PATHS = "$(inherited) @executable_path/Frameworks @loader_path/Frameworks";
				METAL_ENABLE_DEBUG_INFO = NO;
				PRODUCT_BUNDLE_IDENTIFIER = "Zuse.${PRODUCT_NAME:rfc1034identifier}";
				PRODUCT_NAME = "$(TARGET_NAME)";
				SWIFT_VERSION = 3.0.1;
				TEST_HOST = "$(BUNDLE_LOADER)";
			};
			name = Release;
		};
/* End XCBuildConfiguration section */

/* Begin XCConfigurationList section */
		7465DED019453DB100AA9A5D /* Build configuration list for PBXProject "sampleScorllViewInSwift" */ = {
			isa = XCConfigurationList;
			buildConfigurations = (
				7465DEEF19453DB100AA9A5D /* Debug */,
				7465DEF019453DB100AA9A5D /* Release */,
			);
			defaultConfigurationIsVisible = 0;
			defaultConfigurationName = Release;
		};
		7465DEF119453DB100AA9A5D /* Build configuration list for PBXNativeTarget "sampleScorllViewInSwift" */ = {
			isa = XCConfigurationList;
			buildConfigurations = (
				7465DEF219453DB100AA9A5D /* Debug */,
				7465DEF319453DB100AA9A5D /* Release */,
			);
			defaultConfigurationIsVisible = 0;
			defaultConfigurationName = Release;
		};
		7465DEF419453DB100AA9A5D /* Build configuration list for PBXNativeTarget "sampleScorllViewInSwiftTests" */ = {
			isa = XCConfigurationList;
			buildConfigurations = (
				7465DEF519453DB100AA9A5D /* Debug */,
				7465DEF619453DB100AA9A5D /* Release */,
			);
			defaultConfigurationIsVisible = 0;
			defaultConfigurationName = Release;
		};
/* End XCConfigurationList section */
	};
	rootObject = 7465DECD19453DB100AA9A5D /* Project object */;
}
