// !$*UTF8*$!
{
	archiveVersion = 1;
	classes = {
	};
	objectVersion = 46;
	objects = {

/* Begin PBXBuildFile section */
		7402EDE7193BB82C00B1C37D /* Foundation.framework in Frameworks */ = {isa = PBXBuildFile; fileRef = 7402EDE6193BB82C00B1C37D /* Foundation.framework */; };
		7402EDE9193BB82C00B1C37D /* CoreGraphics.framework in Frameworks */ = {isa = PBXBuildFile; fileRef = 7402EDE8193BB82C00B1C37D /* CoreGraphics.framework */; };
		7402EDEB193BB82C00B1C37D /* UIKit.framework in Frameworks */ = {isa = PBXBuildFile; fileRef = 7402EDEA193BB82C00B1C37D /* UIKit.framework */; };
		7402EDF1193BB82C00B1C37D /* InfoPlist.strings in Resources */ = {isa = PBXBuildFile; fileRef = 7402EDEF193BB82C00B1C37D /* InfoPlist.strings */; };
		7402EDF3193BB82C00B1C37D /* main.m in Sources */ = {isa = PBXBuildFile; fileRef = 7402EDF2193BB82C00B1C37D /* main.m */; };
		7402EDF7193BB82C00B1C37D /* SAAppDelegate.m in Sources */ = {isa = PBXBuildFile; fileRef = 7402EDF6193BB82C00B1C37D /* SAAppDelegate.m */; };
		7402EDFA193BB82C00B1C37D /* Main_iPhone.storyboard in Resources */ = {isa = PBXBuildFile; fileRef = 7402EDF8193BB82C00B1C37D /* Main_iPhone.storyboard */; };
		7402EDFD193BB82C00B1C37D /* Main_iPad.storyboard in Resources */ = {isa = PBXBuildFile; fileRef = 7402EDFB193BB82C00B1C37D /* Main_iPad.storyboard */; };
		7402EE00193BB82C00B1C37D /* SAViewController.m in Sources */ = {isa = PBXBuildFile; fileRef = 7402EDFF193BB82C00B1C37D /* SAViewController.m */; };
		7402EE02193BB82C00B1C37D /* Images.xcassets in Resources */ = {isa = PBXBuildFile; fileRef = 7402EE01193BB82C00B1C37D /* Images.xcassets */; };
		7402EE09193BB82D00B1C37D /* XCTest.framework in Frameworks */ = {isa = PBXBuildFile; fileRef = 7402EE08193BB82D00B1C37D /* XCTest.framework */; };
		7402EE0A193BB82D00B1C37D /* Foundation.framework in Frameworks */ = {isa = PBXBuildFile; fileRef = 7402EDE6193BB82C00B1C37D /* Foundation.framework */; };
		7402EE0B193BB82D00B1C37D /* UIKit.framework in Frameworks */ = {isa = PBXBuildFile; fileRef = 7402EDEA193BB82C00B1C37D /* UIKit.framework */; };
		7402EE13193BB82D00B1C37D /* InfoPlist.strings in Resources */ = {isa = PBXBuildFile; fileRef = 7402EE11193BB82D00B1C37D /* InfoPlist.strings */; };
		7402EE15193BB82D00B1C37D /* ScrollViewSampleTests.m in Sources */ = {isa = PBXBuildFile; fileRef = 7402EE14193BB82D00B1C37D /* ScrollViewSampleTests.m */; };
		7402EE21193BB93000B1C37D /* ASHorizontalScrollView.m in Sources */ = {isa = PBXBuildFile; fileRef = 7402EE20193BB93000B1C37D /* ASHorizontalScrollView.m */; };
		743B8456194001FF008167A6 /* license.txt in Resources */ = {isa = PBXBuildFile; fileRef = 743B8455194001FF008167A6 /* license.txt */; };
		74E54595193D72CE0079E331 /* ASHorizontalScrollViewDelegate.m in Sources */ = {isa = PBXBuildFile; fileRef = 74E54594193D72CE0079E331 /* ASHorizontalScrollViewDelegate.m */; };
/* End PBXBuildFile section */

/* Begin PBXContainerItemProxy section */
		7402EE0C193BB82D00B1C37D /* PBXContainerItemProxy */ = {
			isa = PBXContainerItemProxy;
			containerPortal = 7402EDDB193BB82C00B1C37D /* Project object */;
			proxyType = 1;
			remoteGlobalIDString = 7402EDE2193BB82C00B1C37D;
			remoteInfo = ScrollViewSample;
		};
/* End PBXContainerItemProxy section */

/* Begin PBXFileReference section */
		7402EDE3193BB82C00B1C37D /* ScrollViewSample.app */ = {isa = PBXFileReference; explicitFileType = wrapper.application; includeInIndex = 0; path = ScrollViewSample.app; sourceTree = BUILT_PRODUCTS_DIR; };
		7402EDE6193BB82C00B1C37D /* Foundation.framework */ = {isa = PBXFileReference; lastKnownFileType = wrapper.framework; name = Foundation.framework; path = System/Library/Frameworks/Foundation.framework; sourceTree = SDKROOT; };
		7402EDE8193BB82C00B1C37D /* CoreGraphics.framework */ = {isa = PBXFileReference; lastKnownFileType = wrapper.framework; name = CoreGraphics.framework; path = System/Library/Frameworks/CoreGraphics.framework; sourceTree = SDKROOT; };
		7402EDEA193BB82C00B1C37D /* UIKit.framework */ = {isa = PBXFileReference; lastKnownFileType = wrapper.framework; name = UIKit.framework; path = System/Library/Frameworks/UIKit.framework; sourceTree = SDKROOT; };
		7402EDEE193BB82C00B1C37D /* ScrollViewSample-Info.plist */ = {isa = PBXFileReference; lastKnownFileType = text.plist.xml; path = "ScrollViewSample-Info.plist"; sourceTree = "<group>"; };
		7402EDF0193BB82C00B1C37D /* en */ = {isa = PBXFileReference; lastKnownFileType = text.plist.strings; name = en; path = en.lproj/InfoPlist.strings; sourceTree = "<group>"; };
		7402EDF2193BB82C00B1C37D /* main.m */ = {isa = PBXFileReference; lastKnownFileType = sourcecode.c.objc; path = main.m; sourceTree = "<group>"; };
		7402EDF4193BB82C00B1C37D /* ScrollViewSample-Prefix.pch */ = {isa = PBXFileReference; lastKnownFileType = sourcecode.c.h; path = "ScrollViewSample-Prefix.pch"; sourceTree = "<group>"; };
		7402EDF5193BB82C00B1C37D /* SAAppDelegate.h */ = {isa = PBXFileReference; lastKnownFileType = sourcecode.c.h; path = SAAppDelegate.h; sourceTree = "<group>"; };
		7402EDF6193BB82C00B1C37D /* SAAppDelegate.m */ = {isa = PBXFileReference; lastKnownFileType = sourcecode.c.objc; path = SAAppDelegate.m; sourceTree = "<group>"; };
		7402EDF9193BB82C00B1C37D /* Base */ = {isa = PBXFileReference; lastKnownFileType = file.storyboard; name = Base; path = Base.lproj/Main_iPhone.storyboard; sourceTree = "<group>"; };
		7402EDFC193BB82C00B1C37D /* Base */ = {isa = PBXFileReference; lastKnownFileType = file.storyboard; name = Base; path = Base.lproj/Main_iPad.storyboard; sourceTree = "<group>"; };
		7402EDFE193BB82C00B1C37D /* SAViewController.h */ = {isa = PBXFileReference; lastKnownFileType = sourcecode.c.h; path = SAViewController.h; sourceTree = "<group>"; };
		7402EDFF193BB82C00B1C37D /* SAViewController.m */ = {isa = PBXFileReference; lastKnownFileType = sourcecode.c.objc; path = SAViewController.m; sourceTree = "<group>"; };
		7402EE01193BB82C00B1C37D /* Images.xcassets */ = {isa = PBXFileReference; lastKnownFileType = folder.assetcatalog; path = Images.xcassets; sourceTree = "<group>"; };
		7402EE07193BB82D00B1C37D /* ScrollViewSampleTests.xctest */ = {isa = PBXFileReference; explicitFileType = wrapper.cfbundle; includeInIndex = 0; path = ScrollViewSampleTests.xctest; sourceTree = BUILT_PRODUCTS_DIR; };
		7402EE08193BB82D00B1C37D /* XCTest.framework */ = {isa = PBXFileReference; lastKnownFileType = wrapper.framework; name = XCTest.framework; path = Library/Frameworks/XCTest.framework; sourceTree = DEVELOPER_DIR; };
		7402EE10193BB82D00B1C37D /* ScrollViewSampleTests-Info.plist */ = {isa = PBXFileReference; lastKnownFileType = text.plist.xml; path = "ScrollViewSampleTests-Info.plist"; sourceTree = "<group>"; };
		7402EE12193BB82D00B1C37D /* en */ = {isa = PBXFileReference; lastKnownFileType = text.plist.strings; name = en; path = en.lproj/InfoPlist.strings; sourceTree = "<group>"; };
		7402EE14193BB82D00B1C37D /* ScrollViewSampleTests.m */ = {isa = PBXFileReference; lastKnownFileType = sourcecode.c.objc; path = ScrollViewSampleTests.m; sourceTree = "<group>"; };
		7402EE1F193BB93000B1C37D /* ASHorizontalScrollView.h */ = {isa = PBXFileReference; fileEncoding = 4; lastKnownFileType = sourcecode.c.h; path = ASHorizontalScrollView.h; sourceTree = "<group>"; };
		7402EE20193BB93000B1C37D /* ASHorizontalScrollView.m */ = {isa = PBXFileReference; fileEncoding = 4; lastKnownFileType = sourcecode.c.objc; path = ASHorizontalScrollView.m; sourceTree = "<group>"; };
		743B8455194001FF008167A6 /* license.txt */ = {isa = PBXFileReference; fileEncoding = 4; lastKnownFileType = text; path = license.txt; sourceTree = "<group>"; };
		74E54593193D72CE0079E331 /* ASHorizontalScrollViewDelegate.h */ = {isa = PBXFileReference; fileEncoding = 4; lastKnownFileType = sourcecode.c.h; path = ASHorizontalScrollViewDelegate.h; sourceTree = "<group>"; };
		74E54594193D72CE0079E331 /* ASHorizontalScrollViewDelegate.m */ = {isa = PBXFileReference; fileEncoding = 4; lastKnownFileType = sourcecode.c.objc; path = ASHorizontalScrollViewDelegate.m; sourceTree = "<group>"; };
/* End PBXFileReference section */

/* Begin PBXFrameworksBuildPhase section */
		7402EDE0193BB82C00B1C37D /* Frameworks */ = {
			isa = PBXFrameworksBuildPhase;
			buildActionMask = 2147483647;
			files = (
				7402EDE9193BB82C00B1C37D /* CoreGraphics.framework in Frameworks */,
				7402EDEB193BB82C00B1C37D /* UIKit.framework in Frameworks */,
				7402EDE7193BB82C00B1C37D /* Foundation.framework in Frameworks */,
			);
			runOnlyForDeploymentPostprocessing = 0;
		};
		7402EE04193BB82D00B1C37D /* Frameworks */ = {
			isa = PBXFrameworksBuildPhase;
			buildActionMask = 2147483647;
			files = (
				7402EE09193BB82D00B1C37D /* XCTest.framework in Frameworks */,
				7402EE0B193BB82D00B1C37D /* UIKit.framework in Frameworks */,
				7402EE0A193BB82D00B1C37D /* Foundation.framework in Frameworks */,
			);
			runOnlyForDeploymentPostprocessing = 0;
		};
/* End PBXFrameworksBuildPhase section */

/* Begin PBXGroup section */
		7402EDDA193BB82C00B1C37D = {
			isa = PBXGroup;
			children = (
				7402EDEC193BB82C00B1C37D /* ScrollViewSample */,
				7402EE0E193BB82D00B1C37D /* ScrollViewSampleTests */,
				7402EDE5193BB82C00B1C37D /* Frameworks */,
				7402EDE4193BB82C00B1C37D /* Products */,
			);
			sourceTree = "<group>";
		};
		7402EDE4193BB82C00B1C37D /* Products */ = {
			isa = PBXGroup;
			children = (
				7402EDE3193BB82C00B1C37D /* ScrollViewSample.app */,
				7402EE07193BB82D00B1C37D /* ScrollViewSampleTests.xctest */,
			);
			name = Products;
			sourceTree = "<group>";
		};
		7402EDE5193BB82C00B1C37D /* Frameworks */ = {
			isa = PBXGroup;
			children = (
				7402EDE6193BB82C00B1C37D /* Foundation.framework */,
				7402EDE8193BB82C00B1C37D /* CoreGraphics.framework */,
				7402EDEA193BB82C00B1C37D /* UIKit.framework */,
				7402EE08193BB82D00B1C37D /* XCTest.framework */,
			);
			name = Frameworks;
			sourceTree = "<group>";
		};
		7402EDEC193BB82C00B1C37D /* ScrollViewSample */ = {
			isa = PBXGroup;
			children = (
				7402EE1E193BB8E300B1C37D /* ASHorizontalScrollView */,
				7402EDF5193BB82C00B1C37D /* SAAppDelegate.h */,
				7402EDF6193BB82C00B1C37D /* SAAppDelegate.m */,
				7402EDF8193BB82C00B1C37D /* Main_iPhone.storyboard */,
				7402EDFB193BB82C00B1C37D /* Main_iPad.storyboard */,
				7402EDFE193BB82C00B1C37D /* SAViewController.h */,
				7402EDFF193BB82C00B1C37D /* SAViewController.m */,
				7402EE01193BB82C00B1C37D /* Images.xcassets */,
				7402EDED193BB82C00B1C37D /* Supporting Files */,
			);
			path = ScrollViewSample;
			sourceTree = "<group>";
		};
		7402EDED193BB82C00B1C37D /* Supporting Files */ = {
			isa = PBXGroup;
			children = (
				7402EDEE193BB82C00B1C37D /* ScrollViewSample-Info.plist */,
				7402EDEF193BB82C00B1C37D /* InfoPlist.strings */,
				7402EDF2193BB82C00B1C37D /* main.m */,
				7402EDF4193BB82C00B1C37D /* ScrollViewSample-Prefix.pch */,
			);
			name = "Supporting Files";
			sourceTree = "<group>";
		};
		7402EE0E193BB82D00B1C37D /* ScrollViewSampleTests */ = {
			isa = PBXGroup;
			children = (
				7402EE14193BB82D00B1C37D /* ScrollViewSampleTests.m */,
				7402EE0F193BB82D00B1C37D /* Supporting Files */,
			);
			path = ScrollViewSampleTests;
			sourceTree = "<group>";
		};
		7402EE0F193BB82D00B1C37D /* Supporting Files */ = {
			isa = PBXGroup;
			children = (
				7402EE10193BB82D00B1C37D /* ScrollViewSampleTests-Info.plist */,
				7402EE11193BB82D00B1C37D /* InfoPlist.strings */,
			);
			name = "Supporting Files";
			sourceTree = "<group>";
		};
		7402EE1E193BB8E300B1C37D /* ASHorizontalScrollView */ = {
			isa = PBXGroup;
			children = (
				743B8455194001FF008167A6 /* license.txt */,
				7402EE1F193BB93000B1C37D /* ASHorizontalScrollView.h */,
				7402EE20193BB93000B1C37D /* ASHorizontalScrollView.m */,
				74E54593193D72CE0079E331 /* ASHorizontalScrollViewDelegate.h */,
				74E54594193D72CE0079E331 /* ASHorizontalScrollViewDelegate.m */,
			);
			path = ASHorizontalScrollView;
			sourceTree = "<group>";
		};
/* End PBXGroup section */

/* Begin PBXNativeTarget section */
		7402EDE2193BB82C00B1C37D /* ScrollViewSample */ = {
			isa = PBXNativeTarget;
			buildConfigurationList = 7402EE18193BB82D00B1C37D /* Build configuration list for PBXNativeTarget "ScrollViewSample" */;
			buildPhases = (
				7402EDDF193BB82C00B1C37D /* Sources */,
				7402EDE0193BB82C00B1C37D /* Frameworks */,
				7402EDE1193BB82C00B1C37D /* Resources */,
			);
			buildRules = (
			);
			dependencies = (
			);
			name = ScrollViewSample;
			productName = ScrollViewSample;
			productReference = 7402EDE3193BB82C00B1C37D /* ScrollViewSample.app */;
			productType = "com.apple.product-type.application";
		};
		7402EE06193BB82D00B1C37D /* ScrollViewSampleTests */ = {
			isa = PBXNativeTarget;
			buildConfigurationList = 7402EE1B193BB82D00B1C37D /* Build configuration list for PBXNativeTarget "ScrollViewSampleTests" */;
			buildPhases = (
				7402EE03193BB82D00B1C37D /* Sources */,
				7402EE04193BB82D00B1C37D /* Frameworks */,
				7402EE05193BB82D00B1C37D /* Resources */,
			);
			buildRules = (
			);
			dependencies = (
				7402EE0D193BB82D00B1C37D /* PBXTargetDependency */,
			);
			name = ScrollViewSampleTests;
			productName = ScrollViewSampleTests;
			productReference = 7402EE07193BB82D00B1C37D /* ScrollViewSampleTests.xctest */;
			productType = "com.apple.product-type.bundle.unit-test";
		};
/* End PBXNativeTarget section */

/* Begin PBXProject section */
		7402EDDB193BB82C00B1C37D /* Project object */ = {
			isa = PBXProject;
			attributes = {
				CLASSPREFIX = SA;
				LastUpgradeCheck = 0800;
				ORGANIZATIONNAME = Zuse;
				TargetAttributes = {
					7402EE06193BB82D00B1C37D = {
						TestTargetID = 7402EDE2193BB82C00B1C37D;
					};
				};
			};
			buildConfigurationList = 7402EDDE193BB82C00B1C37D /* Build configuration list for PBXProject "ScrollViewSample" */;
			compatibilityVersion = "Xcode 3.2";
			developmentRegion = English;
			hasScannedForEncodings = 0;
			knownRegions = (
				en,
				Base,
			);
			mainGroup = 7402EDDA193BB82C00B1C37D;
			productRefGroup = 7402EDE4193BB82C00B1C37D /* Products */;
			projectDirPath = "";
			projectRoot = "";
			targets = (
				7402EDE2193BB82C00B1C37D /* ScrollViewSample */,
				7402EE06193BB82D00B1C37D /* ScrollViewSampleTests */,
			);
		};
/* End PBXProject section */

/* Begin PBXResourcesBuildPhase section */
		7402EDE1193BB82C00B1C37D /* Resources */ = {
			isa = PBXResourcesBuildPhase;
			buildActionMask = 2147483647;
			files = (
				7402EDFD193BB82C00B1C37D /* Main_iPad.storyboard in Resources */,
				743B8456194001FF008167A6 /* license.txt in Resources */,
				7402EE02193BB82C00B1C37D /* Images.xcassets in Resources */,
				7402EDFA193BB82C00B1C37D /* Main_iPhone.storyboard in Resources */,
				7402EDF1193BB82C00B1C37D /* InfoPlist.strings in Resources */,
			);
			runOnlyForDeploymentPostprocessing = 0;
		};
		7402EE05193BB82D00B1C37D /* Resources */ = {
			isa = PBXResourcesBuildPhase;
			buildActionMask = 2147483647;
			files = (
				7402EE13193BB82D00B1C37D /* InfoPlist.strings in Resources */,
			);
			runOnlyForDeploymentPostprocessing = 0;
		};
/* End PBXResourcesBuildPhase section */

/* Begin PBXSourcesBuildPhase section */
		7402EDDF193BB82C00B1C37D /* Sources */ = {
			isa = PBXSourcesBuildPhase;
			buildActionMask = 2147483647;
			files = (
				7402EDF7193BB82C00B1C37D /* SAAppDelegate.m in Sources */,
				7402EE00193BB82C00B1C37D /* SAViewController.m in Sources */,
				7402EDF3193BB82C00B1C37D /* main.m in Sources */,
				7402EE21193BB93000B1C37D /* ASHorizontalScrollView.m in Sources */,
				74E54595193D72CE0079E331 /* ASHorizontalScrollViewDelegate.m in Sources */,
			);
			runOnlyForDeploymentPostprocessing = 0;
		};
		7402EE03193BB82D00B1C37D /* Sources */ = {
			isa = PBXSourcesBuildPhase;
			buildActionMask = 2147483647;
			files = (
				7402EE15193BB82D00B1C37D /* ScrollViewSampleTests.m in Sources */,
			);
			runOnlyForDeploymentPostprocessing = 0;
		};
/* End PBXSourcesBuildPhase section */

/* Begin PBXTargetDependency section */
		7402EE0D193BB82D00B1C37D /* PBXTargetDependency */ = {
			isa = PBXTargetDependency;
			target = 7402EDE2193BB82C00B1C37D /* ScrollViewSample */;
			targetProxy = 7402EE0C193BB82D00B1C37D /* PBXContainerItemProxy */;
		};
/* End PBXTargetDependency section */

/* Begin PBXVariantGroup section */
		7402EDEF193BB82C00B1C37D /* InfoPlist.strings */ = {
			isa = PBXVariantGroup;
			children = (
				7402EDF0193BB82C00B1C37D /* en */,
			);
			name = InfoPlist.strings;
			sourceTree = "<group>";
		};
		7402EDF8193BB82C00B1C37D /* Main_iPhone.storyboard */ = {
			isa = PBXVariantGroup;
			children = (
				7402EDF9193BB82C00B1C37D /* Base */,
			);
			name = Main_iPhone.storyboard;
			sourceTree = "<group>";
		};
		7402EDFB193BB82C00B1C37D /* Main_iPad.storyboard */ = {
			isa = PBXVariantGroup;
			children = (
				7402EDFC193BB82C00B1C37D /* Base */,
			);
			name = Main_iPad.storyboard;
			sourceTree = "<group>";
		};
		7402EE11193BB82D00B1C37D /* InfoPlist.strings */ = {
			isa = PBXVariantGroup;
			children = (
				7402EE12193BB82D00B1C37D /* en */,
			);
			name = InfoPlist.strings;
			sourceTree = "<group>";
		};
/* End PBXVariantGroup section */

/* Begin XCBuildConfiguration section */
		7402EE16193BB82D00B1C37D /* Debug */ = {
			isa = XCBuildConfiguration;
			buildSettings = {
				ALWAYS_SEARCH_USER_PATHS = NO;
				CLANG_CXX_LANGUAGE_STANDARD = "gnu++0x";
				CLANG_CXX_LIBRARY = "libc++";
				CLANG_ENABLE_MODULES = YES;
				CLANG_ENABLE_OBJC_ARC = YES;
				CLANG_WARN_BOOL_CONVERSION = YES;
				CLANG_WARN_CONSTANT_CONVERSION = YES;
				CLANG_WARN_DIRECT_OBJC_ISA_USAGE = YES_ERROR;
				CLANG_WARN_EMPTY_BODY = YES;
				CLANG_WARN_ENUM_CONVERSION = YES;
				CLANG_WARN_INFINITE_RECURSION = YES;
				CLANG_WARN_INT_CONVERSION = YES;
				CLANG_WARN_OBJC_ROOT_CLASS = YES_ERROR;
				CLANG_WARN_SUSPICIOUS_MOVE = YES;
				CLANG_WARN_UNREACHABLE_CODE = YES;
				CLANG_WARN__DUPLICATE_METHOD_MATCH = YES;
				"CODE_SIGN_IDENTITY[sdk=iphoneos*]" = "iPhone Developer";
				COPY_PHASE_STRIP = NO;
				ENABLE_STRICT_OBJC_MSGSEND = YES;
				ENABLE_TESTABILITY = YES;
				GCC_C_LANGUAGE_STANDARD = gnu99;
				GCC_DYNAMIC_NO_PIC = NO;
				GCC_NO_COMMON_BLOCKS = YES;
				GCC_OPTIMIZATION_LEVEL = 0;
				GCC_PREPROCESSOR_DEFINITIONS = (
					"DEBUG=1",
					"$(inherited)",
				);
				GCC_SYMBOLS_PRIVATE_EXTERN = NO;
				GCC_WARN_64_TO_32_BIT_CONVERSION = YES;
				GCC_WARN_ABOUT_RETURN_TYPE = YES_ERROR;
				GCC_WARN_UNDECLARED_SELECTOR = YES;
				GCC_WARN_UNINITIALIZED_AUTOS = YES_AGGRESSIVE;
				GCC_WARN_UNUSED_FUNCTION = YES;
				GCC_WARN_UNUSED_VARIABLE = YES;
				IPHONEOS_DEPLOYMENT_TARGET = 7.1;
				ONLY_ACTIVE_ARCH = YES;
				SDKROOT = iphoneos;
				TARGETED_DEVICE_FAMILY = "1,2";
			};
			name = Debug;
		};
		7402EE17193BB82D00B1C37D /* Release */ = {
			isa = XCBuildConfiguration;
			buildSettings = {
				ALWAYS_SEARCH_USER_PATHS = NO;
				CLANG_CXX_LANGUAGE_STANDARD = "gnu++0x";
				CLANG_CXX_LIBRARY = "libc++";
				CLANG_ENABLE_MODULES = YES;
				CLANG_ENABLE_OBJC_ARC = YES;
				CLANG_WARN_BOOL_CONVERSION = YES;
				CLANG_WARN_CONSTANT_CONVERSION = YES;
				CLANG_WARN_DIRECT_OBJC_ISA_USAGE = YES_ERROR;
				CLANG_WARN_EMPTY_BODY = YES;
				CLANG_WARN_ENUM_CONVERSION = YES;
				CLANG_WARN_INFINITE_RECURSION = YES;
				CLANG_WARN_INT_CONVERSION = YES;
				CLANG_WARN_OBJC_ROOT_CLASS = YES_ERROR;
				CLANG_WARN_SUSPICIOUS_MOVE = YES;
				CLANG_WARN_UNREACHABLE_CODE = YES;
				CLANG_WARN__DUPLICATE_METHOD_MATCH = YES;
				"CODE_SIGN_IDENTITY[sdk=iphoneos*]" = "iPhone Developer";
				COPY_PHASE_STRIP = YES;
				ENABLE_NS_ASSERTIONS = NO;
				ENABLE_STRICT_OBJC_MSGSEND = YES;
				GCC_C_LANGUAGE_STANDARD = gnu99;
				GCC_NO_COMMON_BLOCKS = YES;
				GCC_WARN_64_TO_32_BIT_CONVERSION = YES;
				GCC_WARN_ABOUT_RETURN_TYPE = YES_ERROR;
				GCC_WARN_UNDECLARED_SELECTOR = YES;
				GCC_WARN_UNINITIALIZED_AUTOS = YES_AGGRESSIVE;
				GCC_WARN_UNUSED_FUNCTION = YES;
				GCC_WARN_UNUSED_VARIABLE = YES;
				IPHONEOS_DEPLOYMENT_TARGET = 7.1;
				SDKROOT = iphoneos;
				TARGETED_DEVICE_FAMILY = "1,2";
				VALIDATE_PRODUCT = YES;
			};
			name = Release;
		};
		7402EE19193BB82D00B1C37D /* Debug */ = {
			isa = XCBuildConfiguration;
			buildSettings = {
				ASSETCATALOG_COMPILER_APPICON_NAME = AppIcon;
				ASSETCATALOG_COMPILER_LAUNCHIMAGE_NAME = LaunchImage;
				GCC_PRECOMPILE_PREFIX_HEADER = YES;
				GCC_PREFIX_HEADER = "ScrollViewSample/ScrollViewSample-Prefix.pch";
				INFOPLIST_FILE = "ScrollViewSample/ScrollViewSample-Info.plist";
				IPHONEOS_DEPLOYMENT_TARGET = 8.0;
				PRODUCT_BUNDLE_IDENTIFIER = "Zuse.${PRODUCT_NAME:rfc1034identifier}";
				PRODUCT_NAME = "$(TARGET_NAME)";
				WRAPPER_EXTENSION = app;
			};
			name = Debug;
		};
		7402EE1A193BB82D00B1C37D /* Release */ = {
			isa = XCBuildConfiguration;
			buildSettings = {
				ASSETCATALOG_COMPILER_APPICON_NAME = AppIcon;
				ASSETCATALOG_COMPILER_LAUNCHIMAGE_NAME = LaunchImage;
				GCC_PRECOMPILE_PREFIX_HEADER = YES;
				GCC_PREFIX_HEADER = "ScrollViewSample/ScrollViewSample-Prefix.pch";
				INFOPLIST_FILE = "ScrollViewSample/ScrollViewSample-Info.plist";
				IPHONEOS_DEPLOYMENT_TARGET = 8.0;
				PRODUCT_BUNDLE_IDENTIFIER = "Zuse.${PRODUCT_NAME:rfc1034identifier}";
				PRODUCT_NAME = "$(TARGET_NAME)";
				WRAPPER_EXTENSION = app;
			};
			name = Release;
		};
		7402EE1C193BB82D00B1C37D /* Debug */ = {
			isa = XCBuildConfiguration;
			buildSettings = {
				BUNDLE_LOADER = "$(BUILT_PRODUCTS_DIR)/ScrollViewSample.app/ScrollViewSample";
				GCC_PRECOMPILE_PREFIX_HEADER = YES;
				GCC_PREFIX_HEADER = "ScrollViewSample/ScrollViewSample-Prefix.pch";
				GCC_PREPROCESSOR_DEFINITIONS = (
					"DEBUG=1",
					"$(inherited)",
				);
				INFOPLIST_FILE = "ScrollViewSampleTests/ScrollViewSampleTests-Info.plist";
				PRODUCT_BUNDLE_IDENTIFIER = "Zuse.${PRODUCT_NAME:rfc1034identifier}";
				PRODUCT_NAME = "$(TARGET_NAME)";
				TEST_HOST = "$(BUNDLE_LOADER)";
				WRAPPER_EXTENSION = xctest;
			};
			name = Debug;
		};
		7402EE1D193BB82D00B1C37D /* Release */ = {
			isa = XCBuildConfiguration;
			buildSettings = {
				BUNDLE_LOADER = "$(BUILT_PRODUCTS_DIR)/ScrollViewSample.app/ScrollViewSample";
				GCC_PRECOMPILE_PREFIX_HEADER = YES;
				GCC_PREFIX_HEADER = "ScrollViewSample/ScrollViewSample-Prefix.pch";
				INFOPLIST_FILE = "ScrollViewSampleTests/ScrollViewSampleTests-Info.plist";
				PRODUCT_BUNDLE_IDENTIFIER = "Zuse.${PRODUCT_NAME:rfc1034identifier}";
				PRODUCT_NAME = "$(TARGET_NAME)";
				TEST_HOST = "$(BUNDLE_LOADER)";
				WRAPPER_EXTENSION = xctest;
			};
			name = Release;
		};
/* End XCBuildConfiguration section */

/* Begin XCConfigurationList section */
		7402EDDE193BB82C00B1C37D /* Build configuration list for PBXProject "ScrollViewSample" */ = {
			isa = XCConfigurationList;
			buildConfigurations = (
				7402EE16193BB82D00B1C37D /* Debug */,
				7402EE17193BB82D00B1C37D /* Release */,
			);
			defaultConfigurationIsVisible = 0;
			defaultConfigurationName = Release;
		};
		7402EE18193BB82D00B1C37D /* Build configuration list for PBXNativeTarget "ScrollViewSample" */ = {
			isa = XCConfigurationList;
			buildConfigurations = (
				7402EE19193BB82D00B1C37D /* Debug */,
				7402EE1A193BB82D00B1C37D /* Release */,
			);
			defaultConfigurationIsVisible = 0;
			defaultConfigurationName = Release;
		};
		7402EE1B193BB82D00B1C37D /* Build configuration list for PBXNativeTarget "ScrollViewSampleTests" */ = {
			isa = XCConfigurationList;
			buildConfigurations = (
				7402EE1C193BB82D00B1C37D /* Debug */,
				7402EE1D193BB82D00B1C37D /* Release */,
			);
			defaultConfigurationIsVisible = 0;
			defaultConfigurationName = Release;
		};
/* End XCConfigurationList section */
	};
	rootObject = 7402EDDB193BB82C00B1C37D /* Project object */;
}
